PODS:
  - LWEncryptor (0.1.0):
    - OpenSSL-Universal
  - OpenSSL-Universal (1.0.2.19):
    - OpenSSL-Universal/Static (= 1.0.2.19)
  - OpenSSL-Universal/Static (1.0.2.19)

DEPENDENCIES:
  - LWEncryptor (from `../`)

SPEC REPOS:
  trunk:
    - OpenSSL-Universal

EXTERNAL SOURCES:
  LWEncryptor:
    :path: "../"

SPEC CHECKSUMS:
  LWEncryptor: a824d3efb4293232aa95be506d248f14f9cf5608
  OpenSSL-Universal: 8b48cc0d10c1b2923617dfe5c178aa9ed2689355

PODFILE CHECKSUM: 1b4fb34982e8703d24e3753a74ff19c4043b4757

COCOAPODS: 1.8.4
